
Microsoft Visual Studio Solution File, Format Version 12.00
# Visual Studio Version 16
VisualStudioVersion = 25.0.1705.0
MinimumVisualStudioVersion = 10.0.40219.1
Project("{FAE04EC0-301F-11D3-BF4B-00C04F79EFBC}") = "Premier.Content.Api", "Premier.Content.Api\Premier.Content.Api.csproj", "{7DB7716C-681C-49DC-AD28-7C78ED1382AE}"
EndProject
Global
	GlobalSection(SolutionConfigurationPlatforms) = preSolution
		Debug|Any CPU = Debug|Any CPU
		Release|Any CPU = Release|Any CPU
	EndGlobalSection
	GlobalSection(ProjectConfigurationPlatforms) = postSolution
		{7DB7716C-681C-49DC-AD28-7C78ED1382AE}.Debug|Any CPU.ActiveCfg = Debug|Any CPU
		{7DB7716C-681C-49DC-AD28-7C78ED1382AE}.Debug|Any CPU.Build.0 = Debug|Any CPU
		{7DB7716C-681C-49DC-AD28-7C78ED1382AE}.Release|Any CPU.ActiveCfg = Release|Any CPU
		{7DB7716C-681C-49DC-AD28-7C78ED1382AE}.Release|Any CPU.Build.0 = Release|Any CPU
	EndGlobalSection
	GlobalSection(SolutionProperties) = preSolution
		HideSolutionNode = FALSE
	EndGlobalSection
	GlobalSection(ExtensibilityGlobals) = postSolution
		SolutionGuid = {B57D81C2-C110-429D-A41E-0710E66004E1}
	EndGlobalSection
EndGlobal
