
Microsoft Visual Studio Solution File, Format Version 12.00
# Visual Studio Version 16
VisualStudioVersion = 25.0.1705.0
MinimumVisualStudioVersion = 10.0.40219.1
Project("{FAE04EC0-301F-11D3-BF4B-00C04F79EFBC}") = "Auth.Identity.Api", "Auth.Identity.Api\Auth.Identity.Api.csproj", "{DB3D645A-7C25-437D-81C7-DF75F4380552}"
EndProject
Global
	GlobalSection(SolutionConfigurationPlatforms) = preSolution
		Debug|Any CPU = Debug|Any CPU
		Release|Any CPU = Release|Any CPU
	EndGlobalSection
	GlobalSection(ProjectConfigurationPlatforms) = postSolution
		{DB3D645A-7C25-437D-81C7-DF75F4380552}.Debug|Any CPU.ActiveCfg = Debug|Any CPU
		{DB3D645A-7C25-437D-81C7-DF75F4380552}.Debug|Any CPU.Build.0 = Debug|Any CPU
		{DB3D645A-7C25-437D-81C7-DF75F4380552}.Release|Any CPU.ActiveCfg = Release|Any CPU
		{DB3D645A-7C25-437D-81C7-DF75F4380552}.Release|Any CPU.Build.0 = Release|Any CPU
	EndGlobalSection
	GlobalSection(SolutionProperties) = preSolution
		HideSolutionNode = FALSE
	EndGlobalSection
	GlobalSection(ExtensibilityGlobals) = postSolution
		SolutionGuid = {EE81E6DA-8FCE-4030-8CE1-0B6EB7684882}
	EndGlobalSection
EndGlobal
